// !$*UTF8*$!
{
	archiveVersion = 1;
	classes = {
	};
	objectVersion = 46;
	objects = {

/* Begin PBXBuildFile section */
		2CAC40431C0C497F00E3E229 /* main.m in Sources */ = {isa = PBXBuildFile; fileRef = 2CAC40421C0C497F00E3E229 /* main.m */; };
		2CAC40461C0C497F00E3E229 /* AppDelegate.m in Sources */ = {isa = PBXBuildFile; fileRef = 2CAC40451C0C497F00E3E229 /* AppDelegate.m */; };
		2CAC40491C0C497F00E3E229 /* ViewController.m in Sources */ = {isa = PBXBuildFile; fileRef = 2CAC40481C0C497F00E3E229 /* ViewController.m */; };
		2CAC404C1C0C497F00E3E229 /* Main.storyboard in Resources */ = {isa = PBXBuildFile; fileRef = 2CAC404A1C0C497F00E3E229 /* Main.storyboard */; };
		2CAC404E1C0C497F00E3E229 /* Assets.xcassets in Resources */ = {isa = PBXBuildFile; fileRef = 2CAC404D1C0C497F00E3E229 /* Assets.xcassets */; };
		2CAC40511C0C497F00E3E229 /* LaunchScreen.storyboard in Resources */ = {isa = PBXBuildFile; fileRef = 2CAC404F1C0C497F00E3E229 /* LaunchScreen.storyboard */; };
		2CAC405C1C0C497F00E3E229 /* SKLineTests.m in Sources */ = {isa = PBXBuildFile; fileRef = 2CAC405B1C0C497F00E3E229 /* SKLineTests.m */; };
		2CAC40671C0C497F00E3E229 /* SKLineUITests.m in Sources */ = {isa = PBXBuildFile; fileRef = 2CAC40661C0C497F00E3E229 /* SKLineUITests.m */; };
/* End PBXBuildFile section */

/* Begin PBXContainerItemProxy section */
		2CAC40581C0C497F00E3E229 /* PBXContainerItemProxy */ = {
			isa = PBXContainerItemProxy;
			containerPortal = 2CAC40361C0C497F00E3E229 /* Project object */;
			proxyType = 1;
			remoteGlobalIDString = 2CAC403D1C0C497F00E3E229;
			remoteInfo = SKLine;
		};
		2CAC40631C0C497F00E3E229 /* PBXContainerItemProxy */ = {
			isa = PBXContainerItemProxy;
			containerPortal = 2CAC40361C0C497F00E3E229 /* Project object */;
			proxyType = 1;
			remoteGlobalIDString = 2CAC403D1C0C497F00E3E229;
			remoteInfo = SKLine;
		};
/* End PBXContainerItemProxy section */

/* Begin PBXFileReference section */
		2CAC403E1C0C497F00E3E229 /* SKLine.app */ = {isa = PBXFileReference; explicitFileType = wrapper.application; includeInIndex = 0; path = SKLine.app; sourceTree = BUILT_PRODUCTS_DIR; };
		2CAC40421C0C497F00E3E229 /* main.m */ = {isa = PBXFileReference; lastKnownFileType = sourcecode.c.objc; path = main.m; sourceTree = "<group>"; };
		2CAC40441C0C497F00E3E229 /* AppDelegate.h */ = {isa = PBXFileReference; lastKnownFileType = sourcecode.c.h; path = AppDelegate.h; sourceTree = "<group>"; };
		2CAC40451C0C497F00E3E229 /* AppDelegate.m */ = {isa = PBXFileReference; lastKnownFileType = sourcecode.c.objc; path = AppDelegate.m; sourceTree = "<group>"; };
		2CAC40471C0C497F00E3E229 /* ViewController.h */ = {isa = PBXFileReference; lastKnownFileType = sourcecode.c.h; path = ViewController.h; sourceTree = "<group>"; };
		2CAC40481C0C497F00E3E229 /* ViewController.m */ = {isa = PBXFileReference; lastKnownFileType = sourcecode.c.objc; path = ViewController.m; sourceTree = "<group>"; };
		2CAC404B1C0C497F00E3E229 /* Base */ = {isa = PBXFileReference; lastKnownFileType = file.storyboard; name = Base; path = Base.lproj/Main.storyboard; sourceTree = "<group>"; };
		2CAC404D1C0C497F00E3E229 /* Assets.xcassets */ = {isa = PBXFileReference; lastKnownFileType = folder.assetcatalog; path = Assets.xcassets; sourceTree = "<group>"; };
		2CAC40501C0C497F00E3E229 /* Base */ = {isa = PBXFileReference; lastKnownFileType = file.storyboard; name = Base; path = Base.lproj/LaunchScreen.storyboard; sourceTree = "<group>"; };
		2CAC40521C0C497F00E3E229 /* Info.plist */ = {isa = PBXFileReference; lastKnownFileType = text.plist.xml; path = Info.plist; sourceTree = "<group>"; };
		2CAC40571C0C497F00E3E229 /* SKLineTests.xctest */ = {isa = PBXFileReference; explicitFileType = wrapper.cfbundle; includeInIndex = 0; path = SKLineTests.xctest; sourceTree = BUILT_PRODUCTS_DIR; };
		2CAC405B1C0C497F00E3E229 /* SKLineTests.m */ = {isa = PBXFileReference; lastKnownFileType = sourcecode.c.objc; path = SKLineTests.m; sourceTree = "<group>"; };
		2CAC405D1C0C497F00E3E229 /* Info.plist */ = {isa = PBXFileReference; lastKnownFileType = text.plist.xml; path = Info.plist; sourceTree = "<group>"; };
		2CAC40621C0C497F00E3E229 /* SKLineUITests.xctest */ = {isa = PBXFileReference; explicitFileType = wrapper.cfbundle; includeInIndex = 0; path = SKLineUITests.xctest; sourceTree = BUILT_PRODUCTS_DIR; };
		2CAC40661C0C497F00E3E229 /* SKLineUITests.m */ = {isa = PBXFileReference; lastKnownFileType = sourcecode.c.objc; path = SKLineUITests.m; sourceTree = "<group>"; };
		2CAC40681C0C497F00E3E229 /* Info.plist */ = {isa = PBXFileReference; lastKnownFileType = text.plist.xml; path = Info.plist; sourceTree = "<group>"; };
/* End PBXFileReference section */

/* Begin PBXFrameworksBuildPhase section */
		2CAC403B1C0C497F00E3E229 /* Frameworks */ = {
			isa = PBXFrameworksBuildPhase;
			buildActionMask = 2147483647;
			files = (
			);
			runOnlyForDeploymentPostprocessing = 0;
		};
		2CAC40541C0C497F00E3E229 /* Frameworks */ = {
			isa = PBXFrameworksBuildPhase;
			buildActionMask = 2147483647;
			files = (
			);
			runOnlyForDeploymentPostprocessing = 0;
		};
		2CAC405F1C0C497F00E3E229 /* Frameworks */ = {
			isa = PBXFrameworksBuildPhase;
			buildActionMask = 2147483647;
			files = (
			);
			runOnlyForDeploymentPostprocessing = 0;
		};
/* End PBXFrameworksBuildPhase section */

/* Begin PBXGroup section */
		2CAC40351C0C497F00E3E229 = {
			isa = PBXGroup;
			children = (
				2CAC40401C0C497F00E3E229 /* SKLine */,
				2CAC405A1C0C497F00E3E229 /* SKLineTests */,
				2CAC40651C0C497F00E3E229 /* SKLineUITests */,
				2CAC403F1C0C497F00E3E229 /* Products */,
			);
			sourceTree = "<group>";
		};
		2CAC403F1C0C497F00E3E229 /* Products */ = {
			isa = PBXGroup;
			children = (
				2CAC403E1C0C497F00E3E229 /* SKLine.app */,
				2CAC40571C0C497F00E3E229 /* SKLineTests.xctest */,
				2CAC40621C0C497F00E3E229 /* SKLineUITests.xctest */,
			);
			name = Products;
			sourceTree = "<group>";
		};
		2CAC40401C0C497F00E3E229 /* SKLine */ = {
			isa = PBXGroup;
			children = (
				2CAC40441C0C497F00E3E229 /* AppDelegate.h */,
				2CAC40451C0C497F00E3E229 /* AppDelegate.m */,
				2CAC40471C0C497F00E3E229 /* ViewController.h */,
				2CAC40481C0C497F00E3E229 /* ViewController.m */,
				2CAC404A1C0C497F00E3E229 /* Main.storyboard */,
				2CAC404D1C0C497F00E3E229 /* Assets.xcassets */,
				2CAC404F1C0C497F00E3E229 /* LaunchScreen.storyboard */,
				2CAC40521C0C497F00E3E229 /* Info.plist */,
				2CAC40411C0C497F00E3E229 /* Supporting Files */,
			);
			path = SKLine;
			sourceTree = "<group>";
		};
		2CAC40411C0C497F00E3E229 /* Supporting Files */ = {
			isa = PBXGroup;
			children = (
				2CAC40421C0C497F00E3E229 /* main.m */,
			);
			name = "Supporting Files";
			sourceTree = "<group>";
		};
		2CAC405A1C0C497F00E3E229 /* SKLineTests */ = {
			isa = PBXGroup;
			children = (
				2CAC405B1C0C497F00E3E229 /* SKLineTests.m */,
				2CAC405D1C0C497F00E3E229 /* Info.plist */,
			);
			path = SKLineTests;
			sourceTree = "<group>";
		};
		2CAC40651C0C497F00E3E229 /* SKLineUITests */ = {
			isa = PBXGroup;
			children = (
				2CAC40661C0C497F00E3E229 /* SKLineUITests.m */,
				2CAC40681C0C497F00E3E229 /* Info.plist */,
			);
			path = SKLineUITests;
			sourceTree = "<group>";
		};
/* End PBXGroup section */

/* Begin PBXNativeTarget section */
		2CAC403D1C0C497F00E3E229 /* SKLine */ = {
			isa = PBXNativeTarget;
			buildConfigurationList = 2CAC406B1C0C497F00E3E229 /* Build configuration list for PBXNativeTarget "SKLine" */;
			buildPhases = (
				2CAC403A1C0C497F00E3E229 /* Sources */,
				2CAC403B1C0C497F00E3E229 /* Frameworks */,
				2CAC403C1C0C497F00E3E229 /* Resources */,
			);
			buildRules = (
			);
			dependencies = (
			);
			name = SKLine;
			productName = SKLine;
			productReference = 2CAC403E1C0C497F00E3E229 /* SKLine.app */;
			productType = "com.apple.product-type.application";
		};
		2CAC40561C0C497F00E3E229 /* SKLineTests */ = {
			isa = PBXNativeTarget;
			buildConfigurationList = 2CAC406E1C0C497F00E3E229 /* Build configuration list for PBXNativeTarget "SKLineTests" */;
			buildPhases = (
				2CAC40531C0C497F00E3E229 /* Sources */,
				2CAC40541C0C497F00E3E229 /* Frameworks */,
				2CAC40551C0C497F00E3E229 /* Resources */,
			);
			buildRules = (
			);
			dependencies = (
				2CAC40591C0C497F00E3E229 /* PBXTargetDependency */,
			);
			name = SKLineTests;
			productName = SKLineTests;
			productReference = 2CAC40571C0C497F00E3E229 /* SKLineTests.xctest */;
			productType = "com.apple.product-type.bundle.unit-test";
		};
		2CAC40611C0C497F00E3E229 /* SKLineUITests */ = {
			isa = PBXNativeTarget;
			buildConfigurationList = 2CAC40711C0C497F00E3E229 /* Build configuration list for PBXNativeTarget "SKLineUITests" */;
			buildPhases = (
				2CAC405E1C0C497F00E3E229 /* Sources */,
				2CAC405F1C0C497F00E3E229 /* Frameworks */,
				2CAC40601C0C497F00E3E229 /* Resources */,
			);
			buildRules = (
			);
			dependencies = (
				2CAC40641C0C497F00E3E229 /* PBXTargetDependency */,
			);
			name = SKLineUITests;
			productName = SKLineUITests;
			productReference = 2CAC40621C0C497F00E3E229 /* SKLineUITests.xctest */;
			productType = "com.apple.product-type.bundle.ui-testing";
		};
/* End PBXNativeTarget section */

/* Begin PBXProject section */
		2CAC40361C0C497F00E3E229 /* Project object */ = {
			isa = PBXProject;
			attributes = {
				LastUpgradeCheck = 0710;
				ORGANIZATIONNAME = SK;
				TargetAttributes = {
					2CAC403D1C0C497F00E3E229 = {
						CreatedOnToolsVersion = 7.1;
					};
					2CAC40561C0C497F00E3E229 = {
						CreatedOnToolsVersion = 7.1;
						TestTargetID = 2CAC403D1C0C497F00E3E229;
					};
					2CAC40611C0C497F00E3E229 = {
						CreatedOnToolsVersion = 7.1;
						TestTargetID = 2CAC403D1C0C497F00E3E229;
					};
				};
			};
			buildConfigurationList = 2CAC40391C0C497F00E3E229 /* Build configuration list for PBXProject "SKLine" */;
			compatibilityVersion = "Xcode 3.2";
			developmentRegion = English;
			hasScannedForEncodings = 0;
			knownRegions = (
				en,
				Base,
			);
			mainGroup = 2CAC40351C0C497F00E3E229;
			productRefGroup = 2CAC403F1C0C497F00E3E229 /* Products */;
			projectDirPath = "";
			projectRoot = "";
			targets = (
				2CAC403D1C0C497F00E3E229 /* SKLine */,
				2CAC40561C0C497F00E3E229 /* SKLineTests */,
				2CAC40611C0C497F00E3E229 /* SKLineUITests */,
			);
		};
/* End PBXProject section */

/* Begin PBXResourcesBuildPhase section */
		2CAC403C1C0C497F00E3E229 /* Resources */ = {
			isa = PBXResourcesBuildPhase;
			buildActionMask = 2147483647;
			files = (
				2CAC40511C0C497F00E3E229 /* LaunchScreen.storyboard in Resources */,
				2CAC404E1C0C497F00E3E229 /* Assets.xcassets in Resources */,
				2CAC404C1C0C497F00E3E229 /* Main.storyboard in Resources */,
			);
			runOnlyForDeploymentPostprocessing = 0;
		};
		2CAC40551C0C497F00E3E229 /* Resources */ = {
			isa = PBXResourcesBuildPhase;
			buildActionMask = 2147483647;
			files = (
			);
			runOnlyForDeploymentPostprocessing = 0;
		};
		2CAC40601C0C497F00E3E229 /* Resources */ = {
			isa = PBXResourcesBuildPhase;
			buildActionMask = 2147483647;
			files = (
			);
			runOnlyForDeploymentPostprocessing = 0;
		};
/* End PBXResourcesBuildPhase section */

/* Begin PBXSourcesBuildPhase section */
		2CAC403A1C0C497F00E3E229 /* Sources */ = {
			isa = PBXSourcesBuildPhase;
			buildActionMask = 2147483647;
			files = (
				2CAC40491C0C497F00E3E229 /* ViewController.m in Sources */,
				2CAC40461C0C497F00E3E229 /* AppDelegate.m in Sources */,
				2CAC40431C0C497F00E3E229 /* main.m in Sources */,
			);
			runOnlyForDeploymentPostprocessing = 0;
		};
		2CAC40531C0C497F00E3E229 /* Sources */ = {
			isa = PBXSourcesBuildPhase;
			buildActionMask = 2147483647;
			files = (
				2CAC405C1C0C497F00E3E229 /* SKLineTests.m in Sources */,
			);
			runOnlyForDeploymentPostprocessing = 0;
		};
		2CAC405E1C0C497F00E3E229 /* Sources */ = {
			isa = PBXSourcesBuildPhase;
			buildActionMask = 2147483647;
			files = (
				2CAC40671C0C497F00E3E229 /* SKLineUITests.m in Sources */,
			);
			runOnlyForDeploymentPostprocessing = 0;
		};
/* End PBXSourcesBuildPhase section */

/* Begin PBXTargetDependency section */
		2CAC40591C0C497F00E3E229 /* PBXTargetDependency */ = {
			isa = PBXTargetDependency;
			target = 2CAC403D1C0C497F00E3E229 /* SKLine */;
			targetProxy = 2CAC40581C0C497F00E3E229 /* PBXContainerItemProxy */;
		};
		2CAC40641C0C497F00E3E229 /* PBXTargetDependency */ = {
			isa = PBXTargetDependency;
			target = 2CAC403D1C0C497F00E3E229 /* SKLine */;
			targetProxy = 2CAC40631C0C497F00E3E229 /* PBXContainerItemProxy */;
		};
/* End PBXTargetDependency section */

/* Begin PBXVariantGroup section */
		2CAC404A1C0C497F00E3E229 /* Main.storyboard */ = {
			isa = PBXVariantGroup;
			children = (
				2CAC404B1C0C497F00E3E229 /* Base */,
			);
			name = Main.storyboard;
			sourceTree = "<group>";
		};
		2CAC404F1C0C497F00E3E229 /* LaunchScreen.storyboard */ = {
			isa = PBXVariantGroup;
			children = (
				2CAC40501C0C497F00E3E229 /* Base */,
			);
			name = LaunchScreen.storyboard;
			sourceTree = "<group>";
		};
/* End PBXVariantGroup section */

/* Begin XCBuildConfiguration section */
		2CAC40691C0C497F00E3E229 /* Debug */ = {
			isa = XCBuildConfiguration;
			buildSettings = {
				ALWAYS_SEARCH_USER_PATHS = NO;
				CLANG_CXX_LANGUAGE_STANDARD = "gnu++0x";
				CLANG_CXX_LIBRARY = "libc++";
				CLANG_ENABLE_MODULES = YES;
				CLANG_ENABLE_OBJC_ARC = YES;
				CLANG_WARN_BOOL_CONVERSION = YES;
				CLANG_WARN_CONSTANT_CONVERSION = YES;
				CLANG_WARN_DIRECT_OBJC_ISA_USAGE = YES_ERROR;
				CLANG_WARN_EMPTY_BODY = YES;
				CLANG_WARN_ENUM_CONVERSION = YES;
				CLANG_WARN_INT_CONVERSION = YES;
				CLANG_WARN_OBJC_ROOT_CLASS = YES_ERROR;
				CLANG_WARN_UNREACHABLE_CODE = YES;
				CLANG_WARN__DUPLICATE_METHOD_MATCH = YES;
				"CODE_SIGN_IDENTITY[sdk=iphoneos*]" = "iPhone Developer";
				COPY_PHASE_STRIP = NO;
				DEBUG_INFORMATION_FORMAT = dwarf;
				ENABLE_STRICT_OBJC_MSGSEND = YES;
				ENABLE_TESTABILITY = YES;
				GCC_C_LANGUAGE_STANDARD = gnu99;
				GCC_DYNAMIC_NO_PIC = NO;
				GCC_NO_COMMON_BLOCKS = YES;
				GCC_OPTIMIZATION_LEVEL = 0;
				GCC_PREPROCESSOR_DEFINITIONS = (
					"DEBUG=1",
					"$(inherited)",
				);
				GCC_WARN_64_TO_32_BIT_CONVERSION = YES;
				GCC_WARN_ABOUT_RETURN_TYPE = YES_ERROR;
				GCC_WARN_UNDECLARED_SELECTOR = YES;
				GCC_WARN_UNINITIALIZED_AUTOS = YES_AGGRESSIVE;
				GCC_WARN_UNUSED_FUNCTION = YES;
				GCC_WARN_UNUSED_VARIABLE = YES;
				IPHONEOS_DEPLOYMENT_TARGET = 9.1;
				MTL_ENABLE_DEBUG_INFO = YES;
				ONLY_ACTIVE_ARCH = YES;
				SDKROOT = iphoneos;
			};
			name = Debug;
		};
		2CAC406A1C0C497F00E3E229 /* Release */ = {
			isa = XCBuildConfiguration;
			buildSettings = {
				ALWAYS_SEARCH_USER_PATHS = NO;
				CLANG_CXX_LANGUAGE_STANDARD = "gnu++0x";
				CLANG_CXX_LIBRARY = "libc++";
				CLANG_ENABLE_MODULES = YES;
				CLANG_ENABLE_OBJC_ARC = YES;
				CLANG_WARN_BOOL_CONVERSION = YES;
				CLANG_WARN_CONSTANT_CONVERSION = YES;
				CLANG_WARN_DIRECT_OBJC_ISA_USAGE = YES_ERROR;
				CLANG_WARN_EMPTY_BODY = YES;
				CLANG_WARN_ENUM_CONVERSION = YES;
				CLANG_WARN_INT_CONVERSION = YES;
				CLANG_WARN_OBJC_ROOT_CLASS = YES_ERROR;
				CLANG_WARN_UNREACHABLE_CODE = YES;
				CLANG_WARN__DUPLICATE_METHOD_MATCH = YES;
				"CODE_SIGN_IDENTITY[sdk=iphoneos*]" = "iPhone Developer";
				COPY_PHASE_STRIP = NO;
				DEBUG_INFORMATION_FORMAT = "dwarf-with-dsym";
				ENABLE_NS_ASSERTIONS = NO;
				ENABLE_STRICT_OBJC_MSGSEND = YES;
				GCC_C_LANGUAGE_STANDARD = gnu99;
				GCC_NO_COMMON_BLOCKS = YES;
				GCC_WARN_64_TO_32_BIT_CONVERSION = YES;
				GCC_WARN_ABOUT_RETURN_TYPE = YES_ERROR;
				GCC_WARN_UNDECLARED_SELECTOR = YES;
				GCC_WARN_UNINITIALIZED_AUTOS = YES_AGGRESSIVE;
				GCC_WARN_UNUSED_FUNCTION = YES;
				GCC_WARN_UNUSED_VARIABLE = YES;
				IPHONEOS_DEPLOYMENT_TARGET = 9.1;
				MTL_ENABLE_DEBUG_INFO = NO;
				SDKROOT = iphoneos;
				VALIDATE_PRODUCT = YES;
			};
			name = Release;
		};
		2CAC406C1C0C497F00E3E229 /* Debug */ = {
			isa = XCBuildConfiguration;
			buildSettings = {
				ASSETCATALOG_COMPILER_APPICON_NAME = AppIcon;
				INFOPLIST_FILE = SKLine/Info.plist;
				LD_RUNPATH_SEARCH_PATHS = "$(inherited) @executable_path/Frameworks";
				PRODUCT_BUNDLE_IDENTIFIER = SK.SKLine;
				PRODUCT_NAME = "$(TARGET_NAME)";
			};
			name = Debug;
		};
		2CAC406D1C0C497F00E3E229 /* Release */ = {
			isa = XCBuildConfiguration;
			buildSettings = {
				ASSETCATALOG_COMPILER_APPICON_NAME = AppIcon;
				INFOPLIST_FILE = SKLine/Info.plist;
				LD_RUNPATH_SEARCH_PATHS = "$(inherited) @executable_path/Frameworks";
				PRODUCT_BUNDLE_IDENTIFIER = SK.SKLine;
				PRODUCT_NAME = "$(TARGET_NAME)";
			};
			name = Release;
		};
		2CAC406F1C0C497F00E3E229 /* Debug */ = {
			isa = XCBuildConfiguration;
			buildSettings = {
				BUNDLE_LOADER = "$(TEST_HOST)";
				INFOPLIST_FILE = SKLineTests/Info.plist;
				LD_RUNPATH_SEARCH_PATHS = "$(inherited) @executable_path/Frameworks @loader_path/Frameworks";
				PRODUCT_BUNDLE_IDENTIFIER = SK.SKLineTests;
				PRODUCT_NAME = "$(TARGET_NAME)";
				TEST_HOST = "$(BUILT_PRODUCTS_DIR)/SKLine.app/SKLine";
			};
			name = Debug;
		};
		2CAC40701C0C497F00E3E229 /* Release */ = {
			isa = XCBuildConfiguration;
			buildSettings = {
				BUNDLE_LOADER = "$(TEST_HOST)";
				INFOPLIST_FILE = SKLineTests/Info.plist;
				LD_RUNPATH_SEARCH_PATHS = "$(inherited) @executable_path/Frameworks @loader_path/Frameworks";
				PRODUCT_BUNDLE_IDENTIFIER = SK.SKLineTests;
				PRODUCT_NAME = "$(TARGET_NAME)";
				TEST_HOST = "$(BUILT_PRODUCTS_DIR)/SKLine.app/SKLine";
			};
			name = Release;
		};
		2CAC40721C0C497F00E3E229 /* Debug */ = {
			isa = XCBuildConfiguration;
			buildSettings = {
				INFOPLIST_FILE = SKLineUITests/Info.plist;
				LD_RUNPATH_SEARCH_PATHS = "$(inherited) @executable_path/Frameworks @loader_path/Frameworks";
				PRODUCT_BUNDLE_IDENTIFIER = SK.SKLineUITests;
				PRODUCT_NAME = "$(TARGET_NAME)";
				TEST_TARGET_NAME = SKLine;
				USES_XCTRUNNER = YES;
			};
			name = Debug;
		};
		2CAC40731C0C497F00E3E229 /* Release */ = {
			isa = XCBuildConfiguration;
			buildSettings = {
				INFOPLIST_FILE = SKLineUITests/Info.plist;
				LD_RUNPATH_SEARCH_PATHS = "$(inherited) @executable_path/Frameworks @loader_path/Frameworks";
				PRODUCT_BUNDLE_IDENTIFIER = SK.SKLineUITests;
				PRODUCT_NAME = "$(TARGET_NAME)";
				TEST_TARGET_NAME = SKLine;
				USES_XCTRUNNER = YES;
			};
			name = Release;
		};
/* End XCBuildConfiguration section */

/* Begin XCConfigurationList section */
		2CAC40391C0C497F00E3E229 /* Build configuration list for PBXProject "SKLine" */ = {
			isa = XCConfigurationList;
			buildConfigurations = (
				2CAC40691C0C497F00E3E229 /* Debug */,
				2CAC406A1C0C497F00E3E229 /* Release */,
			);
			defaultConfigurationIsVisible = 0;
			defaultConfigurationName = Release;
		};
		2CAC406B1C0C497F00E3E229 /* Build configuration list for PBXNativeTarget "SKLine" */ = {
			isa = XCConfigurationList;
			buildConfigurations = (
				2CAC406C1C0C497F00E3E229 /* Debug */,
				2CAC406D1C0C497F00E3E229 /* Release */,
			);
			defaultConfigurationIsVisible = 0;
		};
		2CAC406E1C0C497F00E3E229 /* Build configuration list for PBXNativeTarget "SKLineTests" */ = {
			isa = XCConfigurationList;
			buildConfigurations = (
				2CAC406F1C0C497F00E3E229 /* Debug */,
				2CAC40701C0C497F00E3E229 /* Release */,
			);
			defaultConfigurationIsVisible = 0;
		};
		2CAC40711C0C497F00E3E229 /* Build configuration list for PBXNativeTarget "SKLineUITests" */ = {
			isa = XCConfigurationList;
			buildConfigurations = (
				2CAC40721C0C497F00E3E229 /* Debug */,
				2CAC40731C0C497F00E3E229 /* Release */,
			);
			defaultConfigurationIsVisible = 0;
		};
/* End XCConfigurationList section */
	};
	rootObject = 2CAC40361C0C497F00E3E229 /* Project object */;
}
